// !$*UTF8*$!
{
	archiveVersion = 1;
	classes = {
	};
	objectVersion = 56;
	objects = {

/* Begin PBXBuildFile section */
		D05D3E192B857C5100155ABE /* KeyboardView.xib in Resources */ = {isa = PBXBuildFile; fileRef = D05D3E182B857C5100155ABE /* KeyboardView.xib */; };
		D06852A12B817FE60054DA80 /* Advoteck_keyboardApp.swift in Sources */ = {isa = PBXBuildFile; fileRef = D06852A02B817FE60054DA80 /* Advoteck_keyboardApp.swift */; };
		D06852A32B817FE60054DA80 /* ContentView.swift in Sources */ = {isa = PBXBuildFile; fileRef = D06852A22B817FE60054DA80 /* ContentView.swift */; };
		D06852A52B817FE70054DA80 /* Assets.xcassets in Resources */ = {isa = PBXBuildFile; fileRef = D06852A42B817FE70054DA80 /* Assets.xcassets */; };
		D06852A82B817FE70054DA80 /* Preview Assets.xcassets in Resources */ = {isa = PBXBuildFile; fileRef = D06852A72B817FE70054DA80 /* Preview Assets.xcassets */; };
		D06852B22B817FE70054DA80 /* Advoteck_keyboardTests.swift in Sources */ = {isa = PBXBuildFile; fileRef = D06852B12B817FE70054DA80 /* Advoteck_keyboardTests.swift */; };
		D06852BC2B817FE70054DA80 /* Advoteck_keyboardUITests.swift in Sources */ = {isa = PBXBuildFile; fileRef = D06852BB2B817FE70054DA80 /* Advoteck_keyboardUITests.swift */; };
		D06852BE2B817FE70054DA80 /* Advoteck_keyboardUITestsLaunchTests.swift in Sources */ = {isa = PBXBuildFile; fileRef = D06852BD2B817FE70054DA80 /* Advoteck_keyboardUITestsLaunchTests.swift */; };
		D06852D12B8180570054DA80 /* KeyboardViewController.swift in Sources */ = {isa = PBXBuildFile; fileRef = D06852D02B8180570054DA80 /* KeyboardViewController.swift */; };
		D06852D52B8180570054DA80 /* keyboard extension.appex in Embed Foundation Extensions */ = {isa = PBXBuildFile; fileRef = D06852CE2B8180570054DA80 /* keyboard extension.appex */; settings = {ATTRIBUTES = (RemoveHeadersOnCopy, ); }; };
		D06852DC2B8181150054DA80 /* FirebaseAuth in Frameworks */ = {isa = PBXBuildFile; productRef = D06852DB2B8181150054DA80 /* FirebaseAuth */; };
		D06852DE2B8181150054DA80 /* FirebaseStorage in Frameworks */ = {isa = PBXBuildFile; productRef = D06852DD2B8181150054DA80 /* FirebaseStorage */; };
		D06852E02B818DEA0054DA80 /* GoogleService-Info.plist in Resources */ = {isa = PBXBuildFile; fileRef = D06852DF2B818DEA0054DA80 /* GoogleService-Info.plist */; };
/* End PBXBuildFile section */

/* Begin PBXContainerItemProxy section */
		D06852AE2B817FE70054DA80 /* PBXContainerItemProxy */ = {
			isa = PBXContainerItemProxy;
			containerPortal = D06852952B817FE60054DA80 /* Project object */;
			proxyType = 1;
			remoteGlobalIDString = D068529C2B817FE60054DA80;
			remoteInfo = "Advoteck keyboard";
		};
		D06852B82B817FE70054DA80 /* PBXContainerItemProxy */ = {
			isa = PBXContainerItemProxy;
			containerPortal = D06852952B817FE60054DA80 /* Project object */;
			proxyType = 1;
			remoteGlobalIDString = D068529C2B817FE60054DA80;
			remoteInfo = "Advoteck keyboard";
		};
		D06852D32B8180570054DA80 /* PBXContainerItemProxy */ = {
			isa = PBXContainerItemProxy;
			containerPortal = D06852952B817FE60054DA80 /* Project object */;
			proxyType = 1;
			remoteGlobalIDString = D06852CD2B8180570054DA80;
			remoteInfo = "keyboard extension";
		};
/* End PBXContainerItemProxy section */

/* Begin PBXCopyFilesBuildPhase section */
		D06852D92B8180570054DA80 /* Embed Foundation Extensions */ = {
			isa = PBXCopyFilesBuildPhase;
			buildActionMask = 2147483647;
			dstPath = "";
			dstSubfolderSpec = 13;
			files = (
				D06852D52B8180570054DA80 /* keyboard extension.appex in Embed Foundation Extensions */,
			);
			name = "Embed Foundation Extensions";
			runOnlyForDeploymentPostprocessing = 0;
		};
/* End PBXCopyFilesBuildPhase section */

/* Begin PBXFileReference section */
		D05D3E182B857C5100155ABE /* KeyboardView.xib */ = {isa = PBXFileReference; lastKnownFileType = file.xib; path = KeyboardView.xib; sourceTree = "<group>"; };
		D068529D2B817FE60054DA80 /* Advoteck keyboard.app */ = {isa = PBXFileReference; explicitFileType = wrapper.application; includeInIndex = 0; path = "Advoteck keyboard.app"; sourceTree = BUILT_PRODUCTS_DIR; };
		D06852A02B817FE60054DA80 /* Advoteck_keyboardApp.swift */ = {isa = PBXFileReference; lastKnownFileType = sourcecode.swift; path = Advoteck_keyboardApp.swift; sourceTree = "<group>"; };
		D06852A22B817FE60054DA80 /* ContentView.swift */ = {isa = PBXFileReference; lastKnownFileType = sourcecode.swift; path = ContentView.swift; sourceTree = "<group>"; };
		D06852A42B817FE70054DA80 /* Assets.xcassets */ = {isa = PBXFileReference; lastKnownFileType = folder.assetcatalog; path = Assets.xcassets; sourceTree = "<group>"; };
		D06852A72B817FE70054DA80 /* Preview Assets.xcassets */ = {isa = PBXFileReference; lastKnownFileType = folder.assetcatalog; path = "Preview Assets.xcassets"; sourceTree = "<group>"; };
		D06852AD2B817FE70054DA80 /* Advoteck keyboardTests.xctest */ = {isa = PBXFileReference; explicitFileType = wrapper.cfbundle; includeInIndex = 0; path = "Advoteck keyboardTests.xctest"; sourceTree = BUILT_PRODUCTS_DIR; };
		D06852B12B817FE70054DA80 /* Advoteck_keyboardTests.swift */ = {isa = PBXFileReference; lastKnownFileType = sourcecode.swift; path = Advoteck_keyboardTests.swift; sourceTree = "<group>"; };
		D06852B72B817FE70054DA80 /* Advoteck keyboardUITests.xctest */ = {isa = PBXFileReference; explicitFileType = wrapper.cfbundle; includeInIndex = 0; path = "Advoteck keyboardUITests.xctest"; sourceTree = BUILT_PRODUCTS_DIR; };
		D06852BB2B817FE70054DA80 /* Advoteck_keyboardUITests.swift */ = {isa = PBXFileReference; lastKnownFileType = sourcecode.swift; path = Advoteck_keyboardUITests.swift; sourceTree = "<group>"; };
		D06852BD2B817FE70054DA80 /* Advoteck_keyboardUITestsLaunchTests.swift */ = {isa = PBXFileReference; lastKnownFileType = sourcecode.swift; path = Advoteck_keyboardUITestsLaunchTests.swift; sourceTree = "<group>"; };
		D06852CE2B8180570054DA80 /* keyboard extension.appex */ = {isa = PBXFileReference; explicitFileType = "wrapper.app-extension"; includeInIndex = 0; path = "keyboard extension.appex"; sourceTree = BUILT_PRODUCTS_DIR; };
		D06852D02B8180570054DA80 /* KeyboardViewController.swift */ = {isa = PBXFileReference; lastKnownFileType = sourcecode.swift; path = KeyboardViewController.swift; sourceTree = "<group>"; };
		D06852D22B8180570054DA80 /* Info.plist */ = {isa = PBXFileReference; lastKnownFileType = text.plist.xml; path = Info.plist; sourceTree = "<group>"; };
		D06852DF2B818DEA0054DA80 /* GoogleService-Info.plist */ = {isa = PBXFileReference; fileEncoding = 4; lastKnownFileType = text.plist.xml; name = "GoogleService-Info.plist"; path = "../../../Downloads/GoogleService-Info.plist"; sourceTree = "<group>"; };
/* End PBXFileReference section */

/* Begin PBXFrameworksBuildPhase section */
		D068529A2B817FE60054DA80 /* Frameworks */ = {
			isa = PBXFrameworksBuildPhase;
			buildActionMask = 2147483647;
			files = (
				D06852DC2B8181150054DA80 /* FirebaseAuth in Frameworks */,
				D06852DE2B8181150054DA80 /* FirebaseStorage in Frameworks */,
			);
			runOnlyForDeploymentPostprocessing = 0;
		};
		D06852AA2B817FE70054DA80 /* Frameworks */ = {
			isa = PBXFrameworksBuildPhase;
			buildActionMask = 2147483647;
			files = (
			);
			runOnlyForDeploymentPostprocessing = 0;
		};
		D06852B42B817FE70054DA80 /* Frameworks */ = {
			isa = PBXFrameworksBuildPhase;
			buildActionMask = 2147483647;
			files = (
			);
			runOnlyForDeploymentPostprocessing = 0;
		};
		D06852CB2B8180570054DA80 /* Frameworks */ = {
			isa = PBXFrameworksBuildPhase;
			buildActionMask = 2147483647;
			files = (
			);
			runOnlyForDeploymentPostprocessing = 0;
		};
/* End PBXFrameworksBuildPhase section */

/* Begin PBXGroup section */
		D06852942B817FE60054DA80 = {
			isa = PBXGroup;
			children = (
				D068529F2B817FE60054DA80 /* Advoteck keyboard */,
				D06852B02B817FE70054DA80 /* Advoteck keyboardTests */,
				D06852BA2B817FE70054DA80 /* Advoteck keyboardUITests */,
				D06852CF2B8180570054DA80 /* keyboard extension */,
				D068529E2B817FE60054DA80 /* Products */,
			);
			sourceTree = "<group>";
		};
		D068529E2B817FE60054DA80 /* Products */ = {
			isa = PBXGroup;
			children = (
				D068529D2B817FE60054DA80 /* Advoteck keyboard.app */,
				D06852AD2B817FE70054DA80 /* Advoteck keyboardTests.xctest */,
				D06852B72B817FE70054DA80 /* Advoteck keyboardUITests.xctest */,
				D06852CE2B8180570054DA80 /* keyboard extension.appex */,
			);
			name = Products;
			sourceTree = "<group>";
		};
		D068529F2B817FE60054DA80 /* Advoteck keyboard */ = {
			isa = PBXGroup;
			children = (
				D06852A02B817FE60054DA80 /* Advoteck_keyboardApp.swift */,
				D06852A22B817FE60054DA80 /* ContentView.swift */,
				D06852DF2B818DEA0054DA80 /* GoogleService-Info.plist */,
				D06852A42B817FE70054DA80 /* Assets.xcassets */,
				D06852A62B817FE70054DA80 /* Preview Content */,
			);
			path = "Advoteck keyboard";
			sourceTree = "<group>";
		};
		D06852A62B817FE70054DA80 /* Preview Content */ = {
			isa = PBXGroup;
			children = (
				D06852A72B817FE70054DA80 /* Preview Assets.xcassets */,
			);
			path = "Preview Content";
			sourceTree = "<group>";
		};
		D06852B02B817FE70054DA80 /* Advoteck keyboardTests */ = {
			isa = PBXGroup;
			children = (
				D06852B12B817FE70054DA80 /* Advoteck_keyboardTests.swift */,
			);
			path = "Advoteck keyboardTests";
			sourceTree = "<group>";
		};
		D06852BA2B817FE70054DA80 /* Advoteck keyboardUITests */ = {
			isa = PBXGroup;
			children = (
				D06852BB2B817FE70054DA80 /* Advoteck_keyboardUITests.swift */,
				D06852BD2B817FE70054DA80 /* Advoteck_keyboardUITestsLaunchTests.swift */,
			);
			path = "Advoteck keyboardUITests";
			sourceTree = "<group>";
		};
		D06852CF2B8180570054DA80 /* keyboard extension */ = {
			isa = PBXGroup;
			children = (
				D06852D02B8180570054DA80 /* KeyboardViewController.swift */,
				D06852D22B8180570054DA80 /* Info.plist */,
				D05D3E182B857C5100155ABE /* KeyboardView.xib */,
			);
			path = "keyboard extension";
			sourceTree = "<group>";
		};
/* End PBXGroup section */

/* Begin PBXNativeTarget section */
		D068529C2B817FE60054DA80 /* Advoteck keyboard */ = {
			isa = PBXNativeTarget;
			buildConfigurationList = D06852C12B817FE70054DA80 /* Build configuration list for PBXNativeTarget "Advoteck keyboard" */;
			buildPhases = (
				D06852992B817FE60054DA80 /* Sources */,
				D068529A2B817FE60054DA80 /* Frameworks */,
				D068529B2B817FE60054DA80 /* Resources */,
				D06852D92B8180570054DA80 /* Embed Foundation Extensions */,
			);
			buildRules = (
			);
			dependencies = (
				D06852D42B8180570054DA80 /* PBXTargetDependency */,
			);
			name = "Advoteck keyboard";
			packageProductDependencies = (
				D06852DB2B8181150054DA80 /* FirebaseAuth */,
				D06852DD2B8181150054DA80 /* FirebaseStorage */,
			);
			productName = "Advoteck keyboard";
			productReference = D068529D2B817FE60054DA80 /* Advoteck keyboard.app */;
			productType = "com.apple.product-type.application";
		};
		D06852AC2B817FE70054DA80 /* Advoteck keyboardTests */ = {
			isa = PBXNativeTarget;
			buildConfigurationList = D06852C42B817FE70054DA80 /* Build configuration list for PBXNativeTarget "Advoteck keyboardTests" */;
			buildPhases = (
				D06852A92B817FE70054DA80 /* Sources */,
				D06852AA2B817FE70054DA80 /* Frameworks */,
				D06852AB2B817FE70054DA80 /* Resources */,
			);
			buildRules = (
			);
			dependencies = (
				D06852AF2B817FE70054DA80 /* PBXTargetDependency */,
			);
			name = "Advoteck keyboardTests";
			productName = "Advoteck keyboardTests";
			productReference = D06852AD2B817FE70054DA80 /* Advoteck keyboardTests.xctest */;
			productType = "com.apple.product-type.bundle.unit-test";
		};
		D06852B62B817FE70054DA80 /* Advoteck keyboardUITests */ = {
			isa = PBXNativeTarget;
			buildConfigurationList = D06852C72B817FE70054DA80 /* Build configuration list for PBXNativeTarget "Advoteck keyboardUITests" */;
			buildPhases = (
				D06852B32B817FE70054DA80 /* Sources */,
				D06852B42B817FE70054DA80 /* Frameworks */,
				D06852B52B817FE70054DA80 /* Resources */,
			);
			buildRules = (
			);
			dependencies = (
				D06852B92B817FE70054DA80 /* PBXTargetDependency */,
			);
			name = "Advoteck keyboardUITests";
			productName = "Advoteck keyboardUITests";
			productReference = D06852B72B817FE70054DA80 /* Advoteck keyboardUITests.xctest */;
			productType = "com.apple.product-type.bundle.ui-testing";
		};
		D06852CD2B8180570054DA80 /* keyboard extension */ = {
			isa = PBXNativeTarget;
			buildConfigurationList = D06852D62B8180570054DA80 /* Build configuration list for PBXNativeTarget "keyboard extension" */;
			buildPhases = (
				D06852CA2B8180570054DA80 /* Sources */,
				D06852CB2B8180570054DA80 /* Frameworks */,
				D06852CC2B8180570054DA80 /* Resources */,
			);
			buildRules = (
			);
			dependencies = (
			);
			name = "keyboard extension";
			productName = "keyboard extension";
			productReference = D06852CE2B8180570054DA80 /* keyboard extension.appex */;
			productType = "com.apple.product-type.app-extension";
		};
/* End PBXNativeTarget section */

/* Begin PBXProject section */
		D06852952B817FE60054DA80 /* Project object */ = {
			isa = PBXProject;
			attributes = {
				BuildIndependentTargetsInParallel = 1;
				LastSwiftUpdateCheck = 1520;
				LastUpgradeCheck = 1520;
				TargetAttributes = {
					D068529C2B817FE60054DA80 = {
						CreatedOnToolsVersion = 15.2;
					};
					D06852AC2B817FE70054DA80 = {
						CreatedOnToolsVersion = 15.2;
						TestTargetID = D068529C2B817FE60054DA80;
					};
					D06852B62B817FE70054DA80 = {
						CreatedOnToolsVersion = 15.2;
						TestTargetID = D068529C2B817FE60054DA80;
					};
					D06852CD2B8180570054DA80 = {
						CreatedOnToolsVersion = 15.2;
					};
				};
			};
			buildConfigurationList = D06852982B817FE60054DA80 /* Build configuration list for PBXProject "Advoteck keyboard" */;
			compatibilityVersion = "Xcode 14.0";
			developmentRegion = en;
			hasScannedForEncodings = 0;
			knownRegions = (
				en,
				Base,
			);
			mainGroup = D06852942B817FE60054DA80;
			packageReferences = (
				D06852DA2B8181150054DA80 /* XCRemoteSwiftPackageReference "firebase-ios-sdk" */,
			);
			productRefGroup = D068529E2B817FE60054DA80 /* Products */;
			projectDirPath = "";
			projectRoot = "";
			targets = (
				D068529C2B817FE60054DA80 /* Advoteck keyboard */,
				D06852AC2B817FE70054DA80 /* Advoteck keyboardTests */,
				D06852B62B817FE70054DA80 /* Advoteck keyboardUITests */,
				D06852CD2B8180570054DA80 /* keyboard extension */,
			);
		};
/* End PBXProject section */

/* Begin PBXResourcesBuildPhase section */
		D068529B2B817FE60054DA80 /* Resources */ = {
			isa = PBXResourcesBuildPhase;
			buildActionMask = 2147483647;
			files = (
				D06852A82B817FE70054DA80 /* Preview Assets.xcassets in Resources */,
				D06852A52B817FE70054DA80 /* Assets.xcassets in Resources */,
				D06852E02B818DEA0054DA80 /* GoogleService-Info.plist in Resources */,
			);
			runOnlyForDeploymentPostprocessing = 0;
		};
		D06852AB2B817FE70054DA80 /* Resources */ = {
			isa = PBXResourcesBuildPhase;
			buildActionMask = 2147483647;
			files = (
			);
			runOnlyForDeploymentPostprocessing = 0;
		};
		D06852B52B817FE70054DA80 /* Resources */ = {
			isa = PBXResourcesBuildPhase;
			buildActionMask = 2147483647;
			files = (
			);
			runOnlyForDeploymentPostprocessing = 0;
		};
		D06852CC2B8180570054DA80 /* Resources */ = {
			isa = PBXResourcesBuildPhase;
			buildActionMask = 2147483647;
			files = (
				D05D3E192B857C5100155ABE /* KeyboardView.xib in Resources */,
			);
			runOnlyForDeploymentPostprocessing = 0;
		};
/* End PBXResourcesBuildPhase section */

/* Begin PBXSourcesBuildPhase section */
		D06852992B817FE60054DA80 /* Sources */ = {
			isa = PBXSourcesBuildPhase;
			buildActionMask = 2147483647;
			files = (
				D06852A32B817FE60054DA80 /* ContentView.swift in Sources */,
				D06852A12B817FE60054DA80 /* Advoteck_keyboardApp.swift in Sources */,
			);
			runOnlyForDeploymentPostprocessing = 0;
		};
		D06852A92B817FE70054DA80 /* Sources */ = {
			isa = PBXSourcesBuildPhase;
			buildActionMask = 2147483647;
			files = (
				D06852B22B817FE70054DA80 /* Advoteck_keyboardTests.swift in Sources */,
			);
			runOnlyForDeploymentPostprocessing = 0;
		};
		D06852B32B817FE70054DA80 /* Sources */ = {
			isa = PBXSourcesBuildPhase;
			buildActionMask = 2147483647;
			files = (
				D06852BE2B817FE70054DA80 /* Advoteck_keyboardUITestsLaunchTests.swift in Sources */,
				D06852BC2B817FE70054DA80 /* Advoteck_keyboardUITests.swift in Sources */,
			);
			runOnlyForDeploymentPostprocessing = 0;
		};
		D06852CA2B8180570054DA80 /* Sources */ = {
			isa = PBXSourcesBuildPhase;
			buildActionMask = 2147483647;
			files = (
				D06852D12B8180570054DA80 /* KeyboardViewController.swift in Sources */,
			);
			runOnlyForDeploymentPostprocessing = 0;
		};
/* End PBXSourcesBuildPhase section */

/* Begin PBXTargetDependency section */
		D06852AF2B817FE70054DA80 /* PBXTargetDependency */ = {
			isa = PBXTargetDependency;
			target = D068529C2B817FE60054DA80 /* Advoteck keyboard */;
			targetProxy = D06852AE2B817FE70054DA80 /* PBXContainerItemProxy */;
		};
		D06852B92B817FE70054DA80 /* PBXTargetDependency */ = {
			isa = PBXTargetDependency;
			target = D068529C2B817FE60054DA80 /* Advoteck keyboard */;
			targetProxy = D06852B82B817FE70054DA80 /* PBXContainerItemProxy */;
		};
		D06852D42B8180570054DA80 /* PBXTargetDependency */ = {
			isa = PBXTargetDependency;
			target = D06852CD2B8180570054DA80 /* keyboard extension */;
			targetProxy = D06852D32B8180570054DA80 /* PBXContainerItemProxy */;
		};
/* End PBXTargetDependency section */

/* Begin XCBuildConfiguration section */
		D06852BF2B817FE70054DA80 /* Debug */ = {
			isa = XCBuildConfiguration;
			buildSettings = {
				ALWAYS_SEARCH_USER_PATHS = NO;
				ASSETCATALOG_COMPILER_GENERATE_SWIFT_ASSET_SYMBOL_EXTENSIONS = YES;
				CLANG_ANALYZER_NONNULL = YES;
				CLANG_ANALYZER_NUMBER_OBJECT_CONVERSION = YES_AGGRESSIVE;
				CLANG_CXX_LANGUAGE_STANDARD = "gnu++20";
				CLANG_ENABLE_MODULES = YES;
				CLANG_ENABLE_OBJC_ARC = YES;
				CLANG_ENABLE_OBJC_WEAK = YES;
				CLANG_WARN_BLOCK_CAPTURE_AUTORELEASING = YES;
				CLANG_WARN_BOOL_CONVERSION = YES;
				CLANG_WARN_COMMA = YES;
				CLANG_WARN_CONSTANT_CONVERSION = YES;
				CLANG_WARN_DEPRECATED_OBJC_IMPLEMENTATIONS = YES;
				CLANG_WARN_DIRECT_OBJC_ISA_USAGE = YES_ERROR;
				CLANG_WARN_DOCUMENTATION_COMMENTS = YES;
				CLANG_WARN_EMPTY_BODY = YES;
				CLANG_WARN_ENUM_CONVERSION = YES;
				CLANG_WARN_INFINITE_RECURSION = YES;
				CLANG_WARN_INT_CONVERSION = YES;
				CLANG_WARN_NON_LITERAL_NULL_CONVERSION = YES;
				CLANG_WARN_OBJC_IMPLICIT_RETAIN_SELF = YES;
				CLANG_WARN_OBJC_LITERAL_CONVERSION = YES;
				CLANG_WARN_OBJC_ROOT_CLASS = YES_ERROR;
				CLANG_WARN_QUOTED_INCLUDE_IN_FRAMEWORK_HEADER = YES;
				CLANG_WARN_RANGE_LOOP_ANALYSIS = YES;
				CLANG_WARN_STRICT_PROTOTYPES = YES;
				CLANG_WARN_SUSPICIOUS_MOVE = YES;
				CLANG_WARN_UNGUARDED_AVAILABILITY = YES_AGGRESSIVE;
				CLANG_WARN_UNREACHABLE_CODE = YES;
				CLANG_WARN__DUPLICATE_METHOD_MATCH = YES;
				COPY_PHASE_STRIP = NO;
				DEBUG_INFORMATION_FORMAT = dwarf;
				ENABLE_STRICT_OBJC_MSGSEND = YES;
				ENABLE_TESTABILITY = YES;
				ENABLE_USER_SCRIPT_SANDBOXING = YES;
				GCC_C_LANGUAGE_STANDARD = gnu17;
				GCC_DYNAMIC_NO_PIC = NO;
				GCC_NO_COMMON_BLOCKS = YES;
				GCC_OPTIMIZATION_LEVEL = 0;
				GCC_PREPROCESSOR_DEFINITIONS = (
					"DEBUG=1",
					"$(inherited)",
				);
				GCC_WARN_64_TO_32_BIT_CONVERSION = YES;
				GCC_WARN_ABOUT_RETURN_TYPE = YES_ERROR;
				GCC_WARN_UNDECLARED_SELECTOR = YES;
				GCC_WARN_UNINITIALIZED_AUTOS = YES_AGGRESSIVE;
				GCC_WARN_UNUSED_FUNCTION = YES;
				GCC_WARN_UNUSED_VARIABLE = YES;
				IPHONEOS_DEPLOYMENT_TARGET = 17.2;
				LOCALIZATION_PREFERS_STRING_CATALOGS = YES;
				MTL_ENABLE_DEBUG_INFO = INCLUDE_SOURCE;
				MTL_FAST_MATH = YES;
				ONLY_ACTIVE_ARCH = YES;
				SDKROOT = iphoneos;
				SWIFT_ACTIVE_COMPILATION_CONDITIONS = "DEBUG $(inherited)";
				SWIFT_OPTIMIZATION_LEVEL = "-Onone";
			};
			name = Debug;
		};
		D06852C02B817FE70054DA80 /* Release */ = {
			isa = XCBuildConfiguration;
			buildSettings = {
				ALWAYS_SEARCH_USER_PATHS = NO;
				ASSETCATALOG_COMPILER_GENERATE_SWIFT_ASSET_SYMBOL_EXTENSIONS = YES;
				CLANG_ANALYZER_NONNULL = YES;
				CLANG_ANALYZER_NUMBER_OBJECT_CONVERSION = YES_AGGRESSIVE;
				CLANG_CXX_LANGUAGE_STANDARD = "gnu++20";
				CLANG_ENABLE_MODULES = YES;
				CLANG_ENABLE_OBJC_ARC = YES;
				CLANG_ENABLE_OBJC_WEAK = YES;
				CLANG_WARN_BLOCK_CAPTURE_AUTORELEASING = YES;
				CLANG_WARN_BOOL_CONVERSION = YES;
				CLANG_WARN_COMMA = YES;
				CLANG_WARN_CONSTANT_CONVERSION = YES;
				CLANG_WARN_DEPRECATED_OBJC_IMPLEMENTATIONS = YES;
				CLANG_WARN_DIRECT_OBJC_ISA_USAGE = YES_ERROR;
				CLANG_WARN_DOCUMENTATION_COMMENTS = YES;
				CLANG_WARN_EMPTY_BODY = YES;
				CLANG_WARN_ENUM_CONVERSION = YES;
				CLANG_WARN_INFINITE_RECURSION = YES;
				CLANG_WARN_INT_CONVERSION = YES;
				CLANG_WARN_NON_LITERAL_NULL_CONVERSION = YES;
				CLANG_WARN_OBJC_IMPLICIT_RETAIN_SELF = YES;
				CLANG_WARN_OBJC_LITERAL_CONVERSION = YES;
				CLANG_WARN_OBJC_ROOT_CLASS = YES_ERROR;
				CLANG_WARN_QUOTED_INCLUDE_IN_FRAMEWORK_HEADER = YES;
				CLANG_WARN_RANGE_LOOP_ANALYSIS = YES;
				CLANG_WARN_STRICT_PROTOTYPES = YES;
				CLANG_WARN_SUSPICIOUS_MOVE = YES;
				CLANG_WARN_UNGUARDED_AVAILABILITY = YES_AGGRESSIVE;
				CLANG_WARN_UNREACHABLE_CODE = YES;
				CLANG_WARN__DUPLICATE_METHOD_MATCH = YES;
				COPY_PHASE_STRIP = NO;
				DEBUG_INFORMATION_FORMAT = "dwarf-with-dsym";
				ENABLE_NS_ASSERTIONS = NO;
				ENABLE_STRICT_OBJC_MSGSEND = YES;
				ENABLE_USER_SCRIPT_SANDBOXING = YES;
				GCC_C_LANGUAGE_STANDARD = gnu17;
				GCC_NO_COMMON_BLOCKS = YES;
				GCC_WARN_64_TO_32_BIT_CONVERSION = YES;
				GCC_WARN_ABOUT_RETURN_TYPE = YES_ERROR;
				GCC_WARN_UNDECLARED_SELECTOR = YES;
				GCC_WARN_UNINITIALIZED_AUTOS = YES_AGGRESSIVE;
				GCC_WARN_UNUSED_FUNCTION = YES;
				GCC_WARN_UNUSED_VARIABLE = YES;
				IPHONEOS_DEPLOYMENT_TARGET = 17.2;
				LOCALIZATION_PREFERS_STRING_CATALOGS = YES;
				MTL_ENABLE_DEBUG_INFO = NO;
				MTL_FAST_MATH = YES;
				SDKROOT = iphoneos;
				SWIFT_COMPILATION_MODE = wholemodule;
				VALIDATE_PRODUCT = YES;
			};
			name = Release;
		};
		D06852C22B817FE70054DA80 /* Debug */ = {
			isa = XCBuildConfiguration;
			buildSettings = {
				ALWAYS_EMBED_SWIFT_STANDARD_LIBRARIES = YES;
				ASSETCATALOG_COMPILER_APPICON_NAME = AppIcon;
				ASSETCATALOG_COMPILER_GLOBAL_ACCENT_COLOR_NAME = AccentColor;
				CODE_SIGN_STYLE = Automatic;
				CURRENT_PROJECT_VERSION = 1;
				DEVELOPMENT_ASSET_PATHS = "\"Advoteck keyboard/Preview Content\"";
				ENABLE_PREVIEWS = YES;
				GENERATE_INFOPLIST_FILE = YES;
				INFOPLIST_KEY_UIApplicationSceneManifest_Generation = YES;
				INFOPLIST_KEY_UIApplicationSupportsIndirectInputEvents = YES;
				INFOPLIST_KEY_UILaunchScreen_Generation = YES;
				INFOPLIST_KEY_UISupportedInterfaceOrientations_iPad = "UIInterfaceOrientationPortrait UIInterfaceOrientationPortraitUpsideDown UIInterfaceOrientationLandscapeLeft UIInterfaceOrientationLandscapeRight";
				INFOPLIST_KEY_UISupportedInterfaceOrientations_iPhone = "UIInterfaceOrientationPortrait UIInterfaceOrientationLandscapeLeft UIInterfaceOrientationLandscapeRight";
				LD_RUNPATH_SEARCH_PATHS = (
					"$(inherited)",
					"@executable_path/Frameworks",
				);
				MARKETING_VERSION = 1.0;
				PRODUCT_BUNDLE_IDENTIFIER = "advoteck.Advoteck-keyboard";
				PRODUCT_NAME = "$(TARGET_NAME)";
				SWIFT_EMIT_LOC_STRINGS = YES;
				SWIFT_VERSION = 5.0;
				TARGETED_DEVICE_FAMILY = "1,2";
			};
			name = Debug;
		};
		D06852C32B817FE70054DA80 /* Release */ = {
			isa = XCBuildConfiguration;
			buildSettings = {
				ALWAYS_EMBED_SWIFT_STANDARD_LIBRARIES = YES;
				ASSETCATALOG_COMPILER_APPICON_NAME = AppIcon;
				ASSETCATALOG_COMPILER_GLOBAL_ACCENT_COLOR_NAME = AccentColor;
				CODE_SIGN_STYLE = Automatic;
				CURRENT_PROJECT_VERSION = 1;
				DEVELOPMENT_ASSET_PATHS = "\"Advoteck keyboard/Preview Content\"";
				ENABLE_PREVIEWS = YES;
				GENERATE_INFOPLIST_FILE = YES;
				INFOPLIST_KEY_UIApplicationSceneManifest_Generation = YES;
				INFOPLIST_KEY_UIApplicationSupportsIndirectInputEvents = YES;
				INFOPLIST_KEY_UILaunchScreen_Generation = YES;
				INFOPLIST_KEY_UISupportedInterfaceOrientations_iPad = "UIInterfaceOrientationPortrait UIInterfaceOrientationPortraitUpsideDown UIInterfaceOrientationLandscapeLeft UIInterfaceOrientationLandscapeRight";
				INFOPLIST_KEY_UISupportedInterfaceOrientations_iPhone = "UIInterfaceOrientationPortrait UIInterfaceOrientationLandscapeLeft UIInterfaceOrientationLandscapeRight";
				LD_RUNPATH_SEARCH_PATHS = (
					"$(inherited)",
					"@executable_path/Frameworks",
				);
				MARKETING_VERSION = 1.0;
				PRODUCT_BUNDLE_IDENTIFIER = "advoteck.Advoteck-keyboard";
				PRODUCT_NAME = "$(TARGET_NAME)";
				SWIFT_EMIT_LOC_STRINGS = YES;
				SWIFT_VERSION = 5.0;
				TARGETED_DEVICE_FAMILY = "1,2";
			};
			name = Release;
		};
		D06852C52B817FE70054DA80 /* Debug */ = {
			isa = XCBuildConfiguration;
			buildSettings = {
				ALWAYS_EMBED_SWIFT_STANDARD_LIBRARIES = YES;
				BUNDLE_LOADER = "$(TEST_HOST)";
				CODE_SIGN_STYLE = Automatic;
				CURRENT_PROJECT_VERSION = 1;
				GENERATE_INFOPLIST_FILE = YES;
				IPHONEOS_DEPLOYMENT_TARGET = 17.2;
				MARKETING_VERSION = 1.0;
				PRODUCT_BUNDLE_IDENTIFIER = "advoteck.Advoteck-keyboardTests";
				PRODUCT_NAME = "$(TARGET_NAME)";
				SWIFT_EMIT_LOC_STRINGS = NO;
				SWIFT_VERSION = 5.0;
				TARGETED_DEVICE_FAMILY = "1,2";
				TEST_HOST = "$(BUILT_PRODUCTS_DIR)/Advoteck keyboard.app/$(BUNDLE_EXECUTABLE_FOLDER_PATH)/Advoteck keyboard";
			};
			name = Debug;
		};
		D06852C62B817FE70054DA80 /* Release */ = {
			isa = XCBuildConfiguration;
			buildSettings = {
				ALWAYS_EMBED_SWIFT_STANDARD_LIBRARIES = YES;
				BUNDLE_LOADER = "$(TEST_HOST)";
				CODE_SIGN_STYLE = Automatic;
				CURRENT_PROJECT_VERSION = 1;
				GENERATE_INFOPLIST_FILE = YES;
				IPHONEOS_DEPLOYMENT_TARGET = 17.2;
				MARKETING_VERSION = 1.0;
				PRODUCT_BUNDLE_IDENTIFIER = "advoteck.Advoteck-keyboardTests";
				PRODUCT_NAME = "$(TARGET_NAME)";
				SWIFT_EMIT_LOC_STRINGS = NO;
				SWIFT_VERSION = 5.0;
				TARGETED_DEVICE_FAMILY = "1,2";
				TEST_HOST = "$(BUILT_PRODUCTS_DIR)/Advoteck keyboard.app/$(BUNDLE_EXECUTABLE_FOLDER_PATH)/Advoteck keyboard";
			};
			name = Release;
		};
		D06852C82B817FE70054DA80 /* Debug */ = {
			isa = XCBuildConfiguration;
			buildSettings = {
				ALWAYS_EMBED_SWIFT_STANDARD_LIBRARIES = YES;
				CODE_SIGN_STYLE = Automatic;
				CURRENT_PROJECT_VERSION = 1;
				GENERATE_INFOPLIST_FILE = YES;
				MARKETING_VERSION = 1.0;
				PRODUCT_BUNDLE_IDENTIFIER = "advoteck.Advoteck-keyboardUITests";
				PRODUCT_NAME = "$(TARGET_NAME)";
				SWIFT_EMIT_LOC_STRINGS = NO;
				SWIFT_VERSION = 5.0;
				TARGETED_DEVICE_FAMILY = "1,2";
				TEST_TARGET_NAME = "Advoteck keyboard";
			};
			name = Debug;
		};
		D06852C92B817FE70054DA80 /* Release */ = {
			isa = XCBuildConfiguration;
			buildSettings = {
				ALWAYS_EMBED_SWIFT_STANDARD_LIBRARIES = YES;
				CODE_SIGN_STYLE = Automatic;
				CURRENT_PROJECT_VERSION = 1;
				GENERATE_INFOPLIST_FILE = YES;
				MARKETING_VERSION = 1.0;
				PRODUCT_BUNDLE_IDENTIFIER = "advoteck.Advoteck-keyboardUITests";
				PRODUCT_NAME = "$(TARGET_NAME)";
				SWIFT_EMIT_LOC_STRINGS = NO;
				SWIFT_VERSION = 5.0;
				TARGETED_DEVICE_FAMILY = "1,2";
				TEST_TARGET_NAME = "Advoteck keyboard";
			};
			name = Release;
		};
		D06852D72B8180570054DA80 /* Debug */ = {
			isa = XCBuildConfiguration;
			buildSettings = {
				CODE_SIGN_STYLE = Automatic;
				CURRENT_PROJECT_VERSION = 1;
				GENERATE_INFOPLIST_FILE = YES;
				INFOPLIST_FILE = "keyboard extension/Info.plist";
				INFOPLIST_KEY_CFBundleDisplayName = "keyboard extension";
				INFOPLIST_KEY_NSHumanReadableCopyright = "";
				LD_RUNPATH_SEARCH_PATHS = (
					"$(inherited)",
					"@executable_path/Frameworks",
					"@executable_path/../../Frameworks",
				);
				MARKETING_VERSION = 1.0;
				PRODUCT_BUNDLE_IDENTIFIER = "advoteck.Advoteck-keyboard.keyboard-extension";
				PRODUCT_NAME = "$(TARGET_NAME)";
				SKIP_INSTALL = YES;
				SWIFT_EMIT_LOC_STRINGS = YES;
				SWIFT_VERSION = 5.0;
				TARGETED_DEVICE_FAMILY = "1,2";
			};
			name = Debug;
		};
		D06852D82B8180570054DA80 /* Release */ = {
			isa = XCBuildConfiguration;
			buildSettings = {
				CODE_SIGN_STYLE = Automatic;
				CURRENT_PROJECT_VERSION = 1;
				GENERATE_INFOPLIST_FILE = YES;
				INFOPLIST_FILE = "keyboard extension/Info.plist";
				INFOPLIST_KEY_CFBundleDisplayName = "keyboard extension";
				INFOPLIST_KEY_NSHumanReadableCopyright = "";
				LD_RUNPATH_SEARCH_PATHS = (
					"$(inherited)",
					"@executable_path/Frameworks",
					"@executable_path/../../Frameworks",
				);
				MARKETING_VERSION = 1.0;
				PRODUCT_BUNDLE_IDENTIFIER = "advoteck.Advoteck-keyboard.keyboard-extension";
				PRODUCT_NAME = "$(TARGET_NAME)";
				SKIP_INSTALL = YES;
				SWIFT_EMIT_LOC_STRINGS = YES;
				SWIFT_VERSION = 5.0;
				TARGETED_DEVICE_FAMILY = "1,2";
			};
			name = Release;
		};
/* End XCBuildConfiguration section */

/* Begin XCConfigurationList section */
		D06852982B817FE60054DA80 /* Build configuration list for PBXProject "Advoteck keyboard" */ = {
			isa = XCConfigurationList;
			buildConfigurations = (
				D06852BF2B817FE70054DA80 /* Debug */,
				D06852C02B817FE70054DA80 /* Release */,
			);
			defaultConfigurationIsVisible = 0;
			defaultConfigurationName = Release;
		};
		D06852C12B817FE70054DA80 /* Build configuration list for PBXNativeTarget "Advoteck keyboard" */ = {
			isa = XCConfigurationList;
			buildConfigurations = (
				D06852C22B817FE70054DA80 /* Debug */,
				D06852C32B817FE70054DA80 /* Release */,
			);
			defaultConfigurationIsVisible = 0;
			defaultConfigurationName = Release;
		};
		D06852C42B817FE70054DA80 /* Build configuration list for PBXNativeTarget "Advoteck keyboardTests" */ = {
			isa = XCConfigurationList;
			buildConfigurations = (
				D06852C52B817FE70054DA80 /* Debug */,
				D06852C62B817FE70054DA80 /* Release */,
			);
			defaultConfigurationIsVisible = 0;
			defaultConfigurationName = Release;
		};
		D06852C72B817FE70054DA80 /* Build configuration list for PBXNativeTarget "Advoteck keyboardUITests" */ = {
			isa = XCConfigurationList;
			buildConfigurations = (
				D06852C82B817FE70054DA80 /* Debug */,
				D06852C92B817FE70054DA80 /* Release */,
			);
			defaultConfigurationIsVisible = 0;
			defaultConfigurationName = Release;
		};
		D06852D62B8180570054DA80 /* Build configuration list for PBXNativeTarget "keyboard extension" */ = {
			isa = XCConfigurationList;
			buildConfigurations = (
				D06852D72B8180570054DA80 /* Debug */,
				D06852D82B8180570054DA80 /* Release */,
			);
			defaultConfigurationIsVisible = 0;
			defaultConfigurationName = Release;
		};
/* End XCConfigurationList section */

/* Begin XCRemoteSwiftPackageReference section */
		D06852DA2B8181150054DA80 /* XCRemoteSwiftPackageReference "firebase-ios-sdk" */ = {
			isa = XCRemoteSwiftPackageReference;
			repositoryURL = "https://github.com/firebase/firebase-ios-sdk.git";
			requirement = {
				kind = upToNextMajorVersion;
				minimumVersion = 10.21.0;
			};
		};
/* End XCRemoteSwiftPackageReference section */

/* Begin XCSwiftPackageProductDependency section */
		D06852DB2B8181150054DA80 /* FirebaseAuth */ = {
			isa = XCSwiftPackageProductDependency;
			package = D06852DA2B8181150054DA80 /* XCRemoteSwiftPackageReference "firebase-ios-sdk" */;
			productName = FirebaseAuth;
		};
		D06852DD2B8181150054DA80 /* FirebaseStorage */ = {
			isa = XCSwiftPackageProductDependency;
			package = D06852DA2B8181150054DA80 /* XCRemoteSwiftPackageReference "firebase-ios-sdk" */;
			productName = FirebaseStorage;
		};
/* End XCSwiftPackageProductDependency section */
	};
	rootObject = D06852952B817FE60054DA80 /* Project object */;
}
